
Microsoft Visual Studio Solution File, Format Version 12.00
# Visual Studio 15
VisualStudioVersion = 15.0.26730.16
MinimumVisualStudioVersion = 10.0.40219.1
Project("{FAE04EC0-301F-11D3-BF4B-00C04F79EFBC}") = "StormManager.UWP", "StormManager.UWP\StormManager.UWP.csproj", "{3CE5D8A7-658F-4BA0-AF40-B54B0614CC23}"
EndProject
Project("{2150E333-8FDC-42A3-9474-1A3956D46DE8}") = "StormManager.Client", "StormManager.Client", "{6429DD9D-9B68-4572-A17E-BFC80EF0670E}"
EndProject
Project("{FAE04EC0-301F-11D3-BF4B-00C04F79EFBC}") = "StormManager.Droid", "StormManager.Droid\StormManager.Droid.csproj", "{0393D583-541C-43B7-8693-ABD7B6548E6F}"
EndProject
Project("{FAE04EC0-301F-11D3-BF4B-00C04F79EFBC}") = "StormManager.Core", "StormManager.Core\StormManager.Core.csproj", "{396B9C07-E7D7-4EBD-A34E-838756342C8C}"
EndProject
Project("{FAE04EC0-301F-11D3-BF4B-00C04F79EFBC}") = "StormManager.iOS", "StormManager.iOS\StormManager.iOS.csproj", "{7BC261E9-2E0A-4209-BC1E-B108EB496328}"
EndProject
Project("{9A19103F-16F7-4668-BE54-9A1E7A4F7556}") = "StormManager.Standard", "StormManager.Standard\StormManager.Standard.csproj", "{9B705231-E7A8-45CE-B5AD-EBAC26D04E59}"
EndProject
Project("{2150E333-8FDC-42A3-9474-1A3956D46DE8}") = "StormManager.Client.Tests", "StormManager.Client.Tests", "{F15649CC-FE20-4C14-A76F-FCD8F98ED021}"
EndProject
Project("{FAE04EC0-301F-11D3-BF4B-00C04F79EFBC}") = "StormManager.UWP.Tests", "StormManager.UWP.Tests\StormManager.UWP.Tests.csproj", "{D0B8BBE0-5DE1-470A-BD3C-6398C676E6C7}"
EndProject
Global
	GlobalSection(SolutionConfigurationPlatforms) = preSolution
		Ad-Hoc|Any CPU = Ad-Hoc|Any CPU
		Ad-Hoc|ARM = Ad-Hoc|ARM
		Ad-Hoc|iPhone = Ad-Hoc|iPhone
		Ad-Hoc|iPhoneSimulator = Ad-Hoc|iPhoneSimulator
		Ad-Hoc|x64 = Ad-Hoc|x64
		Ad-Hoc|x86 = Ad-Hoc|x86
		AppStore|Any CPU = AppStore|Any CPU
		AppStore|ARM = AppStore|ARM
		AppStore|iPhone = AppStore|iPhone
		AppStore|iPhoneSimulator = AppStore|iPhoneSimulator
		AppStore|x64 = AppStore|x64
		AppStore|x86 = AppStore|x86
		Debug|Any CPU = Debug|Any CPU
		Debug|ARM = Debug|ARM
		Debug|iPhone = Debug|iPhone
		Debug|iPhoneSimulator = Debug|iPhoneSimulator
		Debug|x64 = Debug|x64
		Debug|x86 = Debug|x86
		Release|Any CPU = Release|Any CPU
		Release|ARM = Release|ARM
		Release|iPhone = Release|iPhone
		Release|iPhoneSimulator = Release|iPhoneSimulator
		Release|x64 = Release|x64
		Release|x86 = Release|x86
	EndGlobalSection
	GlobalSection(ProjectConfigurationPlatforms) = postSolution
		{3CE5D8A7-658F-4BA0-AF40-B54B0614CC23}.Ad-Hoc|Any CPU.ActiveCfg = Release|x64
		{3CE5D8A7-658F-4BA0-AF40-B54B0614CC23}.Ad-Hoc|Any CPU.Build.0 = Release|x64
		{3CE5D8A7-658F-4BA0-AF40-B54B0614CC23}.Ad-Hoc|Any CPU.Deploy.0 = Release|x64
		{3CE5D8A7-658F-4BA0-AF40-B54B0614CC23}.Ad-Hoc|ARM.ActiveCfg = Release|ARM
		{3CE5D8A7-658F-4BA0-AF40-B54B0614CC23}.Ad-Hoc|ARM.Build.0 = Release|ARM
		{3CE5D8A7-658F-4BA0-AF40-B54B0614CC23}.Ad-Hoc|ARM.Deploy.0 = Release|ARM
		{3CE5D8A7-658F-4BA0-AF40-B54B0614CC23}.Ad-Hoc|iPhone.ActiveCfg = Release|x64
		{3CE5D8A7-658F-4BA0-AF40-B54B0614CC23}.Ad-Hoc|iPhone.Build.0 = Release|x64
		{3CE5D8A7-658F-4BA0-AF40-B54B0614CC23}.Ad-Hoc|iPhone.Deploy.0 = Release|x64
		{3CE5D8A7-658F-4BA0-AF40-B54B0614CC23}.Ad-Hoc|iPhoneSimulator.ActiveCfg = Release|x64
		{3CE5D8A7-658F-4BA0-AF40-B54B0614CC23}.Ad-Hoc|iPhoneSimulator.Build.0 = Release|x64
		{3CE5D8A7-658F-4BA0-AF40-B54B0614CC23}.Ad-Hoc|iPhoneSimulator.Deploy.0 = Release|x64
		{3CE5D8A7-658F-4BA0-AF40-B54B0614CC23}.Ad-Hoc|x64.ActiveCfg = Release|x64
		{3CE5D8A7-658F-4BA0-AF40-B54B0614CC23}.Ad-Hoc|x64.Build.0 = Release|x64
		{3CE5D8A7-658F-4BA0-AF40-B54B0614CC23}.Ad-Hoc|x64.Deploy.0 = Release|x64
		{3CE5D8A7-658F-4BA0-AF40-B54B0614CC23}.Ad-Hoc|x86.ActiveCfg = Release|x86
		{3CE5D8A7-658F-4BA0-AF40-B54B0614CC23}.Ad-Hoc|x86.Build.0 = Release|x86
		{3CE5D8A7-658F-4BA0-AF40-B54B0614CC23}.Ad-Hoc|x86.Deploy.0 = Release|x86
		{3CE5D8A7-658F-4BA0-AF40-B54B0614CC23}.AppStore|Any CPU.ActiveCfg = Release|x64
		{3CE5D8A7-658F-4BA0-AF40-B54B0614CC23}.AppStore|Any CPU.Build.0 = Release|x64
		{3CE5D8A7-658F-4BA0-AF40-B54B0614CC23}.AppStore|Any CPU.Deploy.0 = Release|x64
		{3CE5D8A7-658F-4BA0-AF40-B54B0614CC23}.AppStore|ARM.ActiveCfg = Release|ARM
		{3CE5D8A7-658F-4BA0-AF40-B54B0614CC23}.AppStore|ARM.Build.0 = Release|ARM
		{3CE5D8A7-658F-4BA0-AF40-B54B0614CC23}.AppStore|ARM.Deploy.0 = Release|ARM
		{3CE5D8A7-658F-4BA0-AF40-B54B0614CC23}.AppStore|iPhone.ActiveCfg = Release|x64
		{3CE5D8A7-658F-4BA0-AF40-B54B0614CC23}.AppStore|iPhone.Build.0 = Release|x64
		{3CE5D8A7-658F-4BA0-AF40-B54B0614CC23}.AppStore|iPhone.Deploy.0 = Release|x64
		{3CE5D8A7-658F-4BA0-AF40-B54B0614CC23}.AppStore|iPhoneSimulator.ActiveCfg = Release|x64
		{3CE5D8A7-658F-4BA0-AF40-B54B0614CC23}.AppStore|iPhoneSimulator.Build.0 = Release|x64
		{3CE5D8A7-658F-4BA0-AF40-B54B0614CC23}.AppStore|iPhoneSimulator.Deploy.0 = Release|x64
		{3CE5D8A7-658F-4BA0-AF40-B54B0614CC23}.AppStore|x64.ActiveCfg = Release|x64
		{3CE5D8A7-658F-4BA0-AF40-B54B0614CC23}.AppStore|x64.Build.0 = Release|x64
		{3CE5D8A7-658F-4BA0-AF40-B54B0614CC23}.AppStore|x64.Deploy.0 = Release|x64
		{3CE5D8A7-658F-4BA0-AF40-B54B0614CC23}.AppStore|x86.ActiveCfg = Release|x86
		{3CE5D8A7-658F-4BA0-AF40-B54B0614CC23}.AppStore|x86.Build.0 = Release|x86
		{3CE5D8A7-658F-4BA0-AF40-B54B0614CC23}.AppStore|x86.Deploy.0 = Release|x86
		{3CE5D8A7-658F-4BA0-AF40-B54B0614CC23}.Debug|Any CPU.ActiveCfg = Debug|x86
		{3CE5D8A7-658F-4BA0-AF40-B54B0614CC23}.Debug|ARM.ActiveCfg = Debug|ARM
		{3CE5D8A7-658F-4BA0-AF40-B54B0614CC23}.Debug|ARM.Build.0 = Debug|ARM
		{3CE5D8A7-658F-4BA0-AF40-B54B0614CC23}.Debug|ARM.Deploy.0 = Debug|ARM
		{3CE5D8A7-658F-4BA0-AF40-B54B0614CC23}.Debug|iPhone.ActiveCfg = Debug|x86
		{3CE5D8A7-658F-4BA0-AF40-B54B0614CC23}.Debug|iPhoneSimulator.ActiveCfg = Debug|x86
		{3CE5D8A7-658F-4BA0-AF40-B54B0614CC23}.Debug|iPhoneSimulator.Build.0 = Debug|x86
		{3CE5D8A7-658F-4BA0-AF40-B54B0614CC23}.Debug|iPhoneSimulator.Deploy.0 = Debug|x86
		{3CE5D8A7-658F-4BA0-AF40-B54B0614CC23}.Debug|x64.ActiveCfg = Debug|x64
		{3CE5D8A7-658F-4BA0-AF40-B54B0614CC23}.Debug|x64.Build.0 = Debug|x64
		{3CE5D8A7-658F-4BA0-AF40-B54B0614CC23}.Debug|x64.Deploy.0 = Debug|x64
		{3CE5D8A7-658F-4BA0-AF40-B54B0614CC23}.Debug|x86.ActiveCfg = Debug|x86
		{3CE5D8A7-658F-4BA0-AF40-B54B0614CC23}.Debug|x86.Build.0 = Debug|x86
		{3CE5D8A7-658F-4BA0-AF40-B54B0614CC23}.Debug|x86.Deploy.0 = Debug|x86
		{3CE5D8A7-658F-4BA0-AF40-B54B0614CC23}.Release|Any CPU.ActiveCfg = Release|x86
		{3CE5D8A7-658F-4BA0-AF40-B54B0614CC23}.Release|ARM.ActiveCfg = Release|ARM
		{3CE5D8A7-658F-4BA0-AF40-B54B0614CC23}.Release|ARM.Build.0 = Release|ARM
		{3CE5D8A7-658F-4BA0-AF40-B54B0614CC23}.Release|ARM.Deploy.0 = Release|ARM
		{3CE5D8A7-658F-4BA0-AF40-B54B0614CC23}.Release|iPhone.ActiveCfg = Release|x86
		{3CE5D8A7-658F-4BA0-AF40-B54B0614CC23}.Release|iPhoneSimulator.ActiveCfg = Release|x86
		{3CE5D8A7-658F-4BA0-AF40-B54B0614CC23}.Release|x64.ActiveCfg = Release|x64
		{3CE5D8A7-658F-4BA0-AF40-B54B0614CC23}.Release|x64.Build.0 = Release|x64
		{3CE5D8A7-658F-4BA0-AF40-B54B0614CC23}.Release|x64.Deploy.0 = Release|x64
		{3CE5D8A7-658F-4BA0-AF40-B54B0614CC23}.Release|x86.ActiveCfg = Release|x86
		{3CE5D8A7-658F-4BA0-AF40-B54B0614CC23}.Release|x86.Build.0 = Release|x86
		{3CE5D8A7-658F-4BA0-AF40-B54B0614CC23}.Release|x86.Deploy.0 = Release|x86
		{0393D583-541C-43B7-8693-ABD7B6548E6F}.Ad-Hoc|Any CPU.ActiveCfg = Release|Any CPU
		{0393D583-541C-43B7-8693-ABD7B6548E6F}.Ad-Hoc|Any CPU.Build.0 = Release|Any CPU
		{0393D583-541C-43B7-8693-ABD7B6548E6F}.Ad-Hoc|Any CPU.Deploy.0 = Release|Any CPU
		{0393D583-541C-43B7-8693-ABD7B6548E6F}.Ad-Hoc|ARM.ActiveCfg = Release|Any CPU
		{0393D583-541C-43B7-8693-ABD7B6548E6F}.Ad-Hoc|ARM.Build.0 = Release|Any CPU
		{0393D583-541C-43B7-8693-ABD7B6548E6F}.Ad-Hoc|ARM.Deploy.0 = Release|Any CPU
		{0393D583-541C-43B7-8693-ABD7B6548E6F}.Ad-Hoc|iPhone.ActiveCfg = Release|Any CPU
		{0393D583-541C-43B7-8693-ABD7B6548E6F}.Ad-Hoc|iPhone.Build.0 = Release|Any CPU
		{0393D583-541C-43B7-8693-ABD7B6548E6F}.Ad-Hoc|iPhone.Deploy.0 = Release|Any CPU
		{0393D583-541C-43B7-8693-ABD7B6548E6F}.Ad-Hoc|iPhoneSimulator.ActiveCfg = Release|Any CPU
		{0393D583-541C-43B7-8693-ABD7B6548E6F}.Ad-Hoc|iPhoneSimulator.Build.0 = Release|Any CPU
		{0393D583-541C-43B7-8693-ABD7B6548E6F}.Ad-Hoc|iPhoneSimulator.Deploy.0 = Release|Any CPU
		{0393D583-541C-43B7-8693-ABD7B6548E6F}.Ad-Hoc|x64.ActiveCfg = Release|Any CPU
		{0393D583-541C-43B7-8693-ABD7B6548E6F}.Ad-Hoc|x64.Build.0 = Release|Any CPU
		{0393D583-541C-43B7-8693-ABD7B6548E6F}.Ad-Hoc|x64.Deploy.0 = Release|Any CPU
		{0393D583-541C-43B7-8693-ABD7B6548E6F}.Ad-Hoc|x86.ActiveCfg = Release|Any CPU
		{0393D583-541C-43B7-8693-ABD7B6548E6F}.Ad-Hoc|x86.Build.0 = Release|Any CPU
		{0393D583-541C-43B7-8693-ABD7B6548E6F}.Ad-Hoc|x86.Deploy.0 = Release|Any CPU
		{0393D583-541C-43B7-8693-ABD7B6548E6F}.AppStore|Any CPU.ActiveCfg = Release|Any CPU
		{0393D583-541C-43B7-8693-ABD7B6548E6F}.AppStore|Any CPU.Build.0 = Release|Any CPU
		{0393D583-541C-43B7-8693-ABD7B6548E6F}.AppStore|Any CPU.Deploy.0 = Release|Any CPU
		{0393D583-541C-43B7-8693-ABD7B6548E6F}.AppStore|ARM.ActiveCfg = Release|Any CPU
		{0393D583-541C-43B7-8693-ABD7B6548E6F}.AppStore|ARM.Build.0 = Release|Any CPU
		{0393D583-541C-43B7-8693-ABD7B6548E6F}.AppStore|ARM.Deploy.0 = Release|Any CPU
		{0393D583-541C-43B7-8693-ABD7B6548E6F}.AppStore|iPhone.ActiveCfg = Release|Any CPU
		{0393D583-541C-43B7-8693-ABD7B6548E6F}.AppStore|iPhone.Build.0 = Release|Any CPU
		{0393D583-541C-43B7-8693-ABD7B6548E6F}.AppStore|iPhone.Deploy.0 = Release|Any CPU
		{0393D583-541C-43B7-8693-ABD7B6548E6F}.AppStore|iPhoneSimulator.ActiveCfg = Release|Any CPU
		{0393D583-541C-43B7-8693-ABD7B6548E6F}.AppStore|iPhoneSimulator.Build.0 = Release|Any CPU
		{0393D583-541C-43B7-8693-ABD7B6548E6F}.AppStore|iPhoneSimulator.Deploy.0 = Release|Any CPU
		{0393D583-541C-43B7-8693-ABD7B6548E6F}.AppStore|x64.ActiveCfg = Release|Any CPU
		{0393D583-541C-43B7-8693-ABD7B6548E6F}.AppStore|x64.Build.0 = Release|Any CPU
		{0393D583-541C-43B7-8693-ABD7B6548E6F}.AppStore|x64.Deploy.0 = Release|Any CPU
		{0393D583-541C-43B7-8693-ABD7B6548E6F}.AppStore|x86.ActiveCfg = Release|Any CPU
		{0393D583-541C-43B7-8693-ABD7B6548E6F}.AppStore|x86.Build.0 = Release|Any CPU
		{0393D583-541C-43B7-8693-ABD7B6548E6F}.AppStore|x86.Deploy.0 = Release|Any CPU
		{0393D583-541C-43B7-8693-ABD7B6548E6F}.Debug|Any CPU.ActiveCfg = Debug|Any CPU
		{0393D583-541C-43B7-8693-ABD7B6548E6F}.Debug|Any CPU.Build.0 = Debug|Any CPU
		{0393D583-541C-43B7-8693-ABD7B6548E6F}.Debug|Any CPU.Deploy.0 = Debug|Any CPU
		{0393D583-541C-43B7-8693-ABD7B6548E6F}.Debug|ARM.ActiveCfg = Debug|Any CPU
		{0393D583-541C-43B7-8693-ABD7B6548E6F}.Debug|ARM.Build.0 = Debug|Any CPU
		{0393D583-541C-43B7-8693-ABD7B6548E6F}.Debug|ARM.Deploy.0 = Debug|Any CPU
		{0393D583-541C-43B7-8693-ABD7B6548E6F}.Debug|iPhone.ActiveCfg = Debug|Any CPU
		{0393D583-541C-43B7-8693-ABD7B6548E6F}.Debug|iPhone.Build.0 = Debug|Any CPU
		{0393D583-541C-43B7-8693-ABD7B6548E6F}.Debug|iPhone.Deploy.0 = Debug|Any CPU
		{0393D583-541C-43B7-8693-ABD7B6548E6F}.Debug|iPhoneSimulator.ActiveCfg = Debug|Any CPU
		{0393D583-541C-43B7-8693-ABD7B6548E6F}.Debug|iPhoneSimulator.Build.0 = Debug|Any CPU
		{0393D583-541C-43B7-8693-ABD7B6548E6F}.Debug|iPhoneSimulator.Deploy.0 = Debug|Any CPU
		{0393D583-541C-43B7-8693-ABD7B6548E6F}.Debug|x64.ActiveCfg = Debug|Any CPU
		{0393D583-541C-43B7-8693-ABD7B6548E6F}.Debug|x64.Build.0 = Debug|Any CPU
		{0393D583-541C-43B7-8693-ABD7B6548E6F}.Debug|x64.Deploy.0 = Debug|Any CPU
		{0393D583-541C-43B7-8693-ABD7B6548E6F}.Debug|x86.ActiveCfg = Debug|Any CPU
		{0393D583-541C-43B7-8693-ABD7B6548E6F}.Debug|x86.Build.0 = Debug|Any CPU
		{0393D583-541C-43B7-8693-ABD7B6548E6F}.Debug|x86.Deploy.0 = Debug|Any CPU
		{0393D583-541C-43B7-8693-ABD7B6548E6F}.Release|Any CPU.ActiveCfg = Release|Any CPU
		{0393D583-541C-43B7-8693-ABD7B6548E6F}.Release|Any CPU.Build.0 = Release|Any CPU
		{0393D583-541C-43B7-8693-ABD7B6548E6F}.Release|Any CPU.Deploy.0 = Release|Any CPU
		{0393D583-541C-43B7-8693-ABD7B6548E6F}.Release|ARM.ActiveCfg = Release|Any CPU
		{0393D583-541C-43B7-8693-ABD7B6548E6F}.Release|ARM.Build.0 = Release|Any CPU
		{0393D583-541C-43B7-8693-ABD7B6548E6F}.Release|ARM.Deploy.0 = Release|Any CPU
		{0393D583-541C-43B7-8693-ABD7B6548E6F}.Release|iPhone.ActiveCfg = Release|Any CPU
		{0393D583-541C-43B7-8693-ABD7B6548E6F}.Release|iPhone.Build.0 = Release|Any CPU
		{0393D583-541C-43B7-8693-ABD7B6548E6F}.Release|iPhone.Deploy.0 = Release|Any CPU
		{0393D583-541C-43B7-8693-ABD7B6548E6F}.Release|iPhoneSimulator.ActiveCfg = Release|Any CPU
		{0393D583-541C-43B7-8693-ABD7B6548E6F}.Release|iPhoneSimulator.Build.0 = Release|Any CPU
		{0393D583-541C-43B7-8693-ABD7B6548E6F}.Release|iPhoneSimulator.Deploy.0 = Release|Any CPU
		{0393D583-541C-43B7-8693-ABD7B6548E6F}.Release|x64.ActiveCfg = Release|Any CPU
		{0393D583-541C-43B7-8693-ABD7B6548E6F}.Release|x64.Build.0 = Release|Any CPU
		{0393D583-541C-43B7-8693-ABD7B6548E6F}.Release|x64.Deploy.0 = Release|Any CPU
		{0393D583-541C-43B7-8693-ABD7B6548E6F}.Release|x86.ActiveCfg = Release|Any CPU
		{0393D583-541C-43B7-8693-ABD7B6548E6F}.Release|x86.Build.0 = Release|Any CPU
		{0393D583-541C-43B7-8693-ABD7B6548E6F}.Release|x86.Deploy.0 = Release|Any CPU
		{396B9C07-E7D7-4EBD-A34E-838756342C8C}.Ad-Hoc|Any CPU.ActiveCfg = Release|Any CPU
		{396B9C07-E7D7-4EBD-A34E-838756342C8C}.Ad-Hoc|Any CPU.Build.0 = Release|Any CPU
		{396B9C07-E7D7-4EBD-A34E-838756342C8C}.Ad-Hoc|ARM.ActiveCfg = Release|Any CPU
		{396B9C07-E7D7-4EBD-A34E-838756342C8C}.Ad-Hoc|ARM.Build.0 = Release|Any CPU
		{396B9C07-E7D7-4EBD-A34E-838756342C8C}.Ad-Hoc|iPhone.ActiveCfg = Release|Any CPU
		{396B9C07-E7D7-4EBD-A34E-838756342C8C}.Ad-Hoc|iPhone.Build.0 = Release|Any CPU
		{396B9C07-E7D7-4EBD-A34E-838756342C8C}.Ad-Hoc|iPhoneSimulator.ActiveCfg = Release|Any CPU
		{396B9C07-E7D7-4EBD-A34E-838756342C8C}.Ad-Hoc|iPhoneSimulator.Build.0 = Release|Any CPU
		{396B9C07-E7D7-4EBD-A34E-838756342C8C}.Ad-Hoc|x64.ActiveCfg = Release|Any CPU
		{396B9C07-E7D7-4EBD-A34E-838756342C8C}.Ad-Hoc|x64.Build.0 = Release|Any CPU
		{396B9C07-E7D7-4EBD-A34E-838756342C8C}.Ad-Hoc|x86.ActiveCfg = Release|Any CPU
		{396B9C07-E7D7-4EBD-A34E-838756342C8C}.Ad-Hoc|x86.Build.0 = Release|Any CPU
		{396B9C07-E7D7-4EBD-A34E-838756342C8C}.AppStore|Any CPU.ActiveCfg = Release|Any CPU
		{396B9C07-E7D7-4EBD-A34E-838756342C8C}.AppStore|Any CPU.Build.0 = Release|Any CPU
		{396B9C07-E7D7-4EBD-A34E-838756342C8C}.AppStore|ARM.ActiveCfg = Release|Any CPU
		{396B9C07-E7D7-4EBD-A34E-838756342C8C}.AppStore|ARM.Build.0 = Release|Any CPU
		{396B9C07-E7D7-4EBD-A34E-838756342C8C}.AppStore|iPhone.ActiveCfg = Release|Any CPU
		{396B9C07-E7D7-4EBD-A34E-838756342C8C}.AppStore|iPhone.Build.0 = Release|Any CPU
		{396B9C07-E7D7-4EBD-A34E-838756342C8C}.AppStore|iPhoneSimulator.ActiveCfg = Release|Any CPU
		{396B9C07-E7D7-4EBD-A34E-838756342C8C}.AppStore|iPhoneSimulator.Build.0 = Release|Any CPU
		{396B9C07-E7D7-4EBD-A34E-838756342C8C}.AppStore|x64.ActiveCfg = Release|Any CPU
		{396B9C07-E7D7-4EBD-A34E-838756342C8C}.AppStore|x64.Build.0 = Release|Any CPU
		{396B9C07-E7D7-4EBD-A34E-838756342C8C}.AppStore|x86.ActiveCfg = Release|Any CPU
		{396B9C07-E7D7-4EBD-A34E-838756342C8C}.AppStore|x86.Build.0 = Release|Any CPU
		{396B9C07-E7D7-4EBD-A34E-838756342C8C}.Debug|Any CPU.ActiveCfg = Debug|Any CPU
		{396B9C07-E7D7-4EBD-A34E-838756342C8C}.Debug|Any CPU.Build.0 = Debug|Any CPU
		{396B9C07-E7D7-4EBD-A34E-838756342C8C}.Debug|ARM.ActiveCfg = Debug|Any CPU
		{396B9C07-E7D7-4EBD-A34E-838756342C8C}.Debug|ARM.Build.0 = Debug|Any CPU
		{396B9C07-E7D7-4EBD-A34E-838756342C8C}.Debug|iPhone.ActiveCfg = Debug|Any CPU
		{396B9C07-E7D7-4EBD-A34E-838756342C8C}.Debug|iPhone.Build.0 = Debug|Any CPU
		{396B9C07-E7D7-4EBD-A34E-838756342C8C}.Debug|iPhoneSimulator.ActiveCfg = Debug|Any CPU
		{396B9C07-E7D7-4EBD-A34E-838756342C8C}.Debug|iPhoneSimulator.Build.0 = Debug|Any CPU
		{396B9C07-E7D7-4EBD-A34E-838756342C8C}.Debug|x64.ActiveCfg = Debug|Any CPU
		{396B9C07-E7D7-4EBD-A34E-838756342C8C}.Debug|x64.Build.0 = Debug|Any CPU
		{396B9C07-E7D7-4EBD-A34E-838756342C8C}.Debug|x86.ActiveCfg = Debug|Any CPU
		{396B9C07-E7D7-4EBD-A34E-838756342C8C}.Debug|x86.Build.0 = Debug|Any CPU
		{396B9C07-E7D7-4EBD-A34E-838756342C8C}.Release|Any CPU.ActiveCfg = Release|Any CPU
		{396B9C07-E7D7-4EBD-A34E-838756342C8C}.Release|Any CPU.Build.0 = Release|Any CPU
		{396B9C07-E7D7-4EBD-A34E-838756342C8C}.Release|ARM.ActiveCfg = Release|Any CPU
		{396B9C07-E7D7-4EBD-A34E-838756342C8C}.Release|ARM.Build.0 = Release|Any CPU
		{396B9C07-E7D7-4EBD-A34E-838756342C8C}.Release|iPhone.ActiveCfg = Release|Any CPU
		{396B9C07-E7D7-4EBD-A34E-838756342C8C}.Release|iPhone.Build.0 = Release|Any CPU
		{396B9C07-E7D7-4EBD-A34E-838756342C8C}.Release|iPhoneSimulator.ActiveCfg = Release|Any CPU
		{396B9C07-E7D7-4EBD-A34E-838756342C8C}.Release|iPhoneSimulator.Build.0 = Release|Any CPU
		{396B9C07-E7D7-4EBD-A34E-838756342C8C}.Release|x64.ActiveCfg = Release|Any CPU
		{396B9C07-E7D7-4EBD-A34E-838756342C8C}.Release|x64.Build.0 = Release|Any CPU
		{396B9C07-E7D7-4EBD-A34E-838756342C8C}.Release|x86.ActiveCfg = Release|Any CPU
		{396B9C07-E7D7-4EBD-A34E-838756342C8C}.Release|x86.Build.0 = Release|Any CPU
		{7BC261E9-2E0A-4209-BC1E-B108EB496328}.Ad-Hoc|Any CPU.ActiveCfg = Ad-Hoc|iPhone
		{7BC261E9-2E0A-4209-BC1E-B108EB496328}.Ad-Hoc|ARM.ActiveCfg = Ad-Hoc|iPhone
		{7BC261E9-2E0A-4209-BC1E-B108EB496328}.Ad-Hoc|iPhone.ActiveCfg = Ad-Hoc|iPhone
		{7BC261E9-2E0A-4209-BC1E-B108EB496328}.Ad-Hoc|iPhone.Build.0 = Ad-Hoc|iPhone
		{7BC261E9-2E0A-4209-BC1E-B108EB496328}.Ad-Hoc|iPhoneSimulator.ActiveCfg = Ad-Hoc|iPhoneSimulator
		{7BC261E9-2E0A-4209-BC1E-B108EB496328}.Ad-Hoc|iPhoneSimulator.Build.0 = Ad-Hoc|iPhoneSimulator
		{7BC261E9-2E0A-4209-BC1E-B108EB496328}.Ad-Hoc|x64.ActiveCfg = Ad-Hoc|iPhone
		{7BC261E9-2E0A-4209-BC1E-B108EB496328}.Ad-Hoc|x86.ActiveCfg = Ad-Hoc|iPhone
		{7BC261E9-2E0A-4209-BC1E-B108EB496328}.AppStore|Any CPU.ActiveCfg = AppStore|iPhone
		{7BC261E9-2E0A-4209-BC1E-B108EB496328}.AppStore|ARM.ActiveCfg = AppStore|iPhone
		{7BC261E9-2E0A-4209-BC1E-B108EB496328}.AppStore|iPhone.ActiveCfg = AppStore|iPhone
		{7BC261E9-2E0A-4209-BC1E-B108EB496328}.AppStore|iPhone.Build.0 = AppStore|iPhone
		{7BC261E9-2E0A-4209-BC1E-B108EB496328}.AppStore|iPhoneSimulator.ActiveCfg = AppStore|iPhoneSimulator
		{7BC261E9-2E0A-4209-BC1E-B108EB496328}.AppStore|iPhoneSimulator.Build.0 = AppStore|iPhoneSimulator
		{7BC261E9-2E0A-4209-BC1E-B108EB496328}.AppStore|x64.ActiveCfg = AppStore|iPhone
		{7BC261E9-2E0A-4209-BC1E-B108EB496328}.AppStore|x86.ActiveCfg = AppStore|iPhone
		{7BC261E9-2E0A-4209-BC1E-B108EB496328}.Debug|Any CPU.ActiveCfg = Debug|iPhone
		{7BC261E9-2E0A-4209-BC1E-B108EB496328}.Debug|ARM.ActiveCfg = Debug|iPhone
		{7BC261E9-2E0A-4209-BC1E-B108EB496328}.Debug|iPhone.ActiveCfg = Debug|iPhone
		{7BC261E9-2E0A-4209-BC1E-B108EB496328}.Debug|iPhone.Build.0 = Debug|iPhone
		{7BC261E9-2E0A-4209-BC1E-B108EB496328}.Debug|iPhoneSimulator.ActiveCfg = Debug|iPhoneSimulator
		{7BC261E9-2E0A-4209-BC1E-B108EB496328}.Debug|iPhoneSimulator.Build.0 = Debug|iPhoneSimulator
		{7BC261E9-2E0A-4209-BC1E-B108EB496328}.Debug|x64.ActiveCfg = Debug|iPhone
		{7BC261E9-2E0A-4209-BC1E-B108EB496328}.Debug|x86.ActiveCfg = Debug|iPhone
		{7BC261E9-2E0A-4209-BC1E-B108EB496328}.Release|Any CPU.ActiveCfg = Release|iPhone
		{7BC261E9-2E0A-4209-BC1E-B108EB496328}.Release|ARM.ActiveCfg = Release|iPhone
		{7BC261E9-2E0A-4209-BC1E-B108EB496328}.Release|iPhone.ActiveCfg = Release|iPhone
		{7BC261E9-2E0A-4209-BC1E-B108EB496328}.Release|iPhone.Build.0 = Release|iPhone
		{7BC261E9-2E0A-4209-BC1E-B108EB496328}.Release|iPhoneSimulator.ActiveCfg = Release|iPhoneSimulator
		{7BC261E9-2E0A-4209-BC1E-B108EB496328}.Release|iPhoneSimulator.Build.0 = Release|iPhoneSimulator
		{7BC261E9-2E0A-4209-BC1E-B108EB496328}.Release|x64.ActiveCfg = Release|iPhone
		{7BC261E9-2E0A-4209-BC1E-B108EB496328}.Release|x86.ActiveCfg = Release|iPhone
		{9B705231-E7A8-45CE-B5AD-EBAC26D04E59}.Ad-Hoc|Any CPU.ActiveCfg = Debug|Any CPU
		{9B705231-E7A8-45CE-B5AD-EBAC26D04E59}.Ad-Hoc|Any CPU.Build.0 = Debug|Any CPU
		{9B705231-E7A8-45CE-B5AD-EBAC26D04E59}.Ad-Hoc|ARM.ActiveCfg = Debug|Any CPU
		{9B705231-E7A8-45CE-B5AD-EBAC26D04E59}.Ad-Hoc|ARM.Build.0 = Debug|Any CPU
		{9B705231-E7A8-45CE-B5AD-EBAC26D04E59}.Ad-Hoc|iPhone.ActiveCfg = Debug|Any CPU
		{9B705231-E7A8-45CE-B5AD-EBAC26D04E59}.Ad-Hoc|iPhone.Build.0 = Debug|Any CPU
		{9B705231-E7A8-45CE-B5AD-EBAC26D04E59}.Ad-Hoc|iPhoneSimulator.ActiveCfg = Debug|Any CPU
		{9B705231-E7A8-45CE-B5AD-EBAC26D04E59}.Ad-Hoc|iPhoneSimulator.Build.0 = Debug|Any CPU
		{9B705231-E7A8-45CE-B5AD-EBAC26D04E59}.Ad-Hoc|x64.ActiveCfg = Debug|Any CPU
		{9B705231-E7A8-45CE-B5AD-EBAC26D04E59}.Ad-Hoc|x64.Build.0 = Debug|Any CPU
		{9B705231-E7A8-45CE-B5AD-EBAC26D04E59}.Ad-Hoc|x86.ActiveCfg = Debug|Any CPU
		{9B705231-E7A8-45CE-B5AD-EBAC26D04E59}.Ad-Hoc|x86.Build.0 = Debug|Any CPU
		{9B705231-E7A8-45CE-B5AD-EBAC26D04E59}.AppStore|Any CPU.ActiveCfg = Debug|Any CPU
		{9B705231-E7A8-45CE-B5AD-EBAC26D04E59}.AppStore|Any CPU.Build.0 = Debug|Any CPU
		{9B705231-E7A8-45CE-B5AD-EBAC26D04E59}.AppStore|ARM.ActiveCfg = Debug|Any CPU
		{9B705231-E7A8-45CE-B5AD-EBAC26D04E59}.AppStore|ARM.Build.0 = Debug|Any CPU
		{9B705231-E7A8-45CE-B5AD-EBAC26D04E59}.AppStore|iPhone.ActiveCfg = Debug|Any CPU
		{9B705231-E7A8-45CE-B5AD-EBAC26D04E59}.AppStore|iPhone.Build.0 = Debug|Any CPU
		{9B705231-E7A8-45CE-B5AD-EBAC26D04E59}.AppStore|iPhoneSimulator.ActiveCfg = Debug|Any CPU
		{9B705231-E7A8-45CE-B5AD-EBAC26D04E59}.AppStore|iPhoneSimulator.Build.0 = Debug|Any CPU
		{9B705231-E7A8-45CE-B5AD-EBAC26D04E59}.AppStore|x64.ActiveCfg = Debug|Any CPU
		{9B705231-E7A8-45CE-B5AD-EBAC26D04E59}.AppStore|x64.Build.0 = Debug|Any CPU
		{9B705231-E7A8-45CE-B5AD-EBAC26D04E59}.AppStore|x86.ActiveCfg = Debug|Any CPU
		{9B705231-E7A8-45CE-B5AD-EBAC26D04E59}.AppStore|x86.Build.0 = Debug|Any CPU
		{9B705231-E7A8-45CE-B5AD-EBAC26D04E59}.Debug|Any CPU.ActiveCfg = Debug|Any CPU
		{9B705231-E7A8-45CE-B5AD-EBAC26D04E59}.Debug|Any CPU.Build.0 = Debug|Any CPU
		{9B705231-E7A8-45CE-B5AD-EBAC26D04E59}.Debug|ARM.ActiveCfg = Debug|Any CPU
		{9B705231-E7A8-45CE-B5AD-EBAC26D04E59}.Debug|ARM.Build.0 = Debug|Any CPU
		{9B705231-E7A8-45CE-B5AD-EBAC26D04E59}.Debug|iPhone.ActiveCfg = Debug|Any CPU
		{9B705231-E7A8-45CE-B5AD-EBAC26D04E59}.Debug|iPhone.Build.0 = Debug|Any CPU
		{9B705231-E7A8-45CE-B5AD-EBAC26D04E59}.Debug|iPhoneSimulator.ActiveCfg = Debug|Any CPU
		{9B705231-E7A8-45CE-B5AD-EBAC26D04E59}.Debug|iPhoneSimulator.Build.0 = Debug|Any CPU
		{9B705231-E7A8-45CE-B5AD-EBAC26D04E59}.Debug|x64.ActiveCfg = Debug|Any CPU
		{9B705231-E7A8-45CE-B5AD-EBAC26D04E59}.Debug|x64.Build.0 = Debug|Any CPU
		{9B705231-E7A8-45CE-B5AD-EBAC26D04E59}.Debug|x86.ActiveCfg = Debug|Any CPU
		{9B705231-E7A8-45CE-B5AD-EBAC26D04E59}.Debug|x86.Build.0 = Debug|Any CPU
		{9B705231-E7A8-45CE-B5AD-EBAC26D04E59}.Release|Any CPU.ActiveCfg = Release|Any CPU
		{9B705231-E7A8-45CE-B5AD-EBAC26D04E59}.Release|Any CPU.Build.0 = Release|Any CPU
		{9B705231-E7A8-45CE-B5AD-EBAC26D04E59}.Release|ARM.ActiveCfg = Release|Any CPU
		{9B705231-E7A8-45CE-B5AD-EBAC26D04E59}.Release|ARM.Build.0 = Release|Any CPU
		{9B705231-E7A8-45CE-B5AD-EBAC26D04E59}.Release|iPhone.ActiveCfg = Release|Any CPU
		{9B705231-E7A8-45CE-B5AD-EBAC26D04E59}.Release|iPhone.Build.0 = Release|Any CPU
		{9B705231-E7A8-45CE-B5AD-EBAC26D04E59}.Release|iPhoneSimulator.ActiveCfg = Release|Any CPU
		{9B705231-E7A8-45CE-B5AD-EBAC26D04E59}.Release|iPhoneSimulator.Build.0 = Release|Any CPU
		{9B705231-E7A8-45CE-B5AD-EBAC26D04E59}.Release|x64.ActiveCfg = Release|Any CPU
		{9B705231-E7A8-45CE-B5AD-EBAC26D04E59}.Release|x64.Build.0 = Release|Any CPU
		{9B705231-E7A8-45CE-B5AD-EBAC26D04E59}.Release|x86.ActiveCfg = Release|Any CPU
		{9B705231-E7A8-45CE-B5AD-EBAC26D04E59}.Release|x86.Build.0 = Release|Any CPU
		{D0B8BBE0-5DE1-470A-BD3C-6398C676E6C7}.Ad-Hoc|Any CPU.ActiveCfg = Release|x64
		{D0B8BBE0-5DE1-470A-BD3C-6398C676E6C7}.Ad-Hoc|Any CPU.Build.0 = Release|x64
		{D0B8BBE0-5DE1-470A-BD3C-6398C676E6C7}.Ad-Hoc|Any CPU.Deploy.0 = Release|x64
		{D0B8BBE0-5DE1-470A-BD3C-6398C676E6C7}.Ad-Hoc|ARM.ActiveCfg = Release|ARM
		{D0B8BBE0-5DE1-470A-BD3C-6398C676E6C7}.Ad-Hoc|ARM.Build.0 = Release|ARM
		{D0B8BBE0-5DE1-470A-BD3C-6398C676E6C7}.Ad-Hoc|ARM.Deploy.0 = Release|ARM
		{D0B8BBE0-5DE1-470A-BD3C-6398C676E6C7}.Ad-Hoc|iPhone.ActiveCfg = Release|x64
		{D0B8BBE0-5DE1-470A-BD3C-6398C676E6C7}.Ad-Hoc|iPhone.Build.0 = Release|x64
		{D0B8BBE0-5DE1-470A-BD3C-6398C676E6C7}.Ad-Hoc|iPhone.Deploy.0 = Release|x64
		{D0B8BBE0-5DE1-470A-BD3C-6398C676E6C7}.Ad-Hoc|iPhoneSimulator.ActiveCfg = Release|x64
		{D0B8BBE0-5DE1-470A-BD3C-6398C676E6C7}.Ad-Hoc|iPhoneSimulator.Build.0 = Release|x64
		{D0B8BBE0-5DE1-470A-BD3C-6398C676E6C7}.Ad-Hoc|iPhoneSimulator.Deploy.0 = Release|x64
		{D0B8BBE0-5DE1-470A-BD3C-6398C676E6C7}.Ad-Hoc|x64.ActiveCfg = Release|x64
		{D0B8BBE0-5DE1-470A-BD3C-6398C676E6C7}.Ad-Hoc|x64.Build.0 = Release|x64
		{D0B8BBE0-5DE1-470A-BD3C-6398C676E6C7}.Ad-Hoc|x64.Deploy.0 = Release|x64
		{D0B8BBE0-5DE1-470A-BD3C-6398C676E6C7}.Ad-Hoc|x86.ActiveCfg = Release|x86
		{D0B8BBE0-5DE1-470A-BD3C-6398C676E6C7}.Ad-Hoc|x86.Build.0 = Release|x86
		{D0B8BBE0-5DE1-470A-BD3C-6398C676E6C7}.Ad-Hoc|x86.Deploy.0 = Release|x86
		{D0B8BBE0-5DE1-470A-BD3C-6398C676E6C7}.AppStore|Any CPU.ActiveCfg = Release|x64
		{D0B8BBE0-5DE1-470A-BD3C-6398C676E6C7}.AppStore|Any CPU.Build.0 = Release|x64
		{D0B8BBE0-5DE1-470A-BD3C-6398C676E6C7}.AppStore|Any CPU.Deploy.0 = Release|x64
		{D0B8BBE0-5DE1-470A-BD3C-6398C676E6C7}.AppStore|ARM.ActiveCfg = Release|ARM
		{D0B8BBE0-5DE1-470A-BD3C-6398C676E6C7}.AppStore|ARM.Build.0 = Release|ARM
		{D0B8BBE0-5DE1-470A-BD3C-6398C676E6C7}.AppStore|ARM.Deploy.0 = Release|ARM
		{D0B8BBE0-5DE1-470A-BD3C-6398C676E6C7}.AppStore|iPhone.ActiveCfg = Release|x64
		{D0B8BBE0-5DE1-470A-BD3C-6398C676E6C7}.AppStore|iPhone.Build.0 = Release|x64
		{D0B8BBE0-5DE1-470A-BD3C-6398C676E6C7}.AppStore|iPhone.Deploy.0 = Release|x64
		{D0B8BBE0-5DE1-470A-BD3C-6398C676E6C7}.AppStore|iPhoneSimulator.ActiveCfg = Release|x64
		{D0B8BBE0-5DE1-470A-BD3C-6398C676E6C7}.AppStore|iPhoneSimulator.Build.0 = Release|x64
		{D0B8BBE0-5DE1-470A-BD3C-6398C676E6C7}.AppStore|iPhoneSimulator.Deploy.0 = Release|x64
		{D0B8BBE0-5DE1-470A-BD3C-6398C676E6C7}.AppStore|x64.ActiveCfg = Release|x64
		{D0B8BBE0-5DE1-470A-BD3C-6398C676E6C7}.AppStore|x64.Build.0 = Release|x64
		{D0B8BBE0-5DE1-470A-BD3C-6398C676E6C7}.AppStore|x64.Deploy.0 = Release|x64
		{D0B8BBE0-5DE1-470A-BD3C-6398C676E6C7}.AppStore|x86.ActiveCfg = Release|x86
		{D0B8BBE0-5DE1-470A-BD3C-6398C676E6C7}.AppStore|x86.Build.0 = Release|x86
		{D0B8BBE0-5DE1-470A-BD3C-6398C676E6C7}.AppStore|x86.Deploy.0 = Release|x86
		{D0B8BBE0-5DE1-470A-BD3C-6398C676E6C7}.Debug|Any CPU.ActiveCfg = Debug|x86
		{D0B8BBE0-5DE1-470A-BD3C-6398C676E6C7}.Debug|ARM.ActiveCfg = Debug|ARM
		{D0B8BBE0-5DE1-470A-BD3C-6398C676E6C7}.Debug|ARM.Build.0 = Debug|ARM
		{D0B8BBE0-5DE1-470A-BD3C-6398C676E6C7}.Debug|ARM.Deploy.0 = Debug|ARM
		{D0B8BBE0-5DE1-470A-BD3C-6398C676E6C7}.Debug|iPhone.ActiveCfg = Debug|x86
		{D0B8BBE0-5DE1-470A-BD3C-6398C676E6C7}.Debug|iPhoneSimulator.ActiveCfg = Debug|x86
		{D0B8BBE0-5DE1-470A-BD3C-6398C676E6C7}.Debug|x64.ActiveCfg = Debug|x64
		{D0B8BBE0-5DE1-470A-BD3C-6398C676E6C7}.Debug|x64.Build.0 = Debug|x64
		{D0B8BBE0-5DE1-470A-BD3C-6398C676E6C7}.Debug|x64.Deploy.0 = Debug|x64
		{D0B8BBE0-5DE1-470A-BD3C-6398C676E6C7}.Debug|x86.ActiveCfg = Debug|x86
		{D0B8BBE0-5DE1-470A-BD3C-6398C676E6C7}.Debug|x86.Build.0 = Debug|x86
		{D0B8BBE0-5DE1-470A-BD3C-6398C676E6C7}.Debug|x86.Deploy.0 = Debug|x86
		{D0B8BBE0-5DE1-470A-BD3C-6398C676E6C7}.Release|Any CPU.ActiveCfg = Release|x86
		{D0B8BBE0-5DE1-470A-BD3C-6398C676E6C7}.Release|ARM.ActiveCfg = Release|ARM
		{D0B8BBE0-5DE1-470A-BD3C-6398C676E6C7}.Release|ARM.Build.0 = Release|ARM
		{D0B8BBE0-5DE1-470A-BD3C-6398C676E6C7}.Release|ARM.Deploy.0 = Release|ARM
		{D0B8BBE0-5DE1-470A-BD3C-6398C676E6C7}.Release|iPhone.ActiveCfg = Release|x86
		{D0B8BBE0-5DE1-470A-BD3C-6398C676E6C7}.Release|iPhoneSimulator.ActiveCfg = Release|x86
		{D0B8BBE0-5DE1-470A-BD3C-6398C676E6C7}.Release|x64.ActiveCfg = Release|x64
		{D0B8BBE0-5DE1-470A-BD3C-6398C676E6C7}.Release|x64.Build.0 = Release|x64
		{D0B8BBE0-5DE1-470A-BD3C-6398C676E6C7}.Release|x64.Deploy.0 = Release|x64
		{D0B8BBE0-5DE1-470A-BD3C-6398C676E6C7}.Release|x86.ActiveCfg = Release|x86
		{D0B8BBE0-5DE1-470A-BD3C-6398C676E6C7}.Release|x86.Build.0 = Release|x86
		{D0B8BBE0-5DE1-470A-BD3C-6398C676E6C7}.Release|x86.Deploy.0 = Release|x86
	EndGlobalSection
	GlobalSection(SolutionProperties) = preSolution
		HideSolutionNode = FALSE
	EndGlobalSection
	GlobalSection(NestedProjects) = preSolution
		{3CE5D8A7-658F-4BA0-AF40-B54B0614CC23} = {6429DD9D-9B68-4572-A17E-BFC80EF0670E}
		{0393D583-541C-43B7-8693-ABD7B6548E6F} = {6429DD9D-9B68-4572-A17E-BFC80EF0670E}
		{396B9C07-E7D7-4EBD-A34E-838756342C8C} = {6429DD9D-9B68-4572-A17E-BFC80EF0670E}
		{7BC261E9-2E0A-4209-BC1E-B108EB496328} = {6429DD9D-9B68-4572-A17E-BFC80EF0670E}
		{9B705231-E7A8-45CE-B5AD-EBAC26D04E59} = {6429DD9D-9B68-4572-A17E-BFC80EF0670E}
		{D0B8BBE0-5DE1-470A-BD3C-6398C676E6C7} = {F15649CC-FE20-4C14-A76F-FCD8F98ED021}
	EndGlobalSection
	GlobalSection(ExtensibilityGlobals) = postSolution
		SolutionGuid = {19554F29-D12E-463B-B6CB-7EF2042B0704}
	EndGlobalSection
EndGlobal
